
Microsoft Visual Studio Solution File, Format Version 10.00
# Visual Studio 2008
Project("{FAE04EC0-301F-11D3-BF4B-00C04F79EFBC}") = "Core", "Core\Core.csproj", "{652D4CBB-0C15-4083-BAA7-287377AA19DC}"
EndProject
Project("{FAE04EC0-301F-11D3-BF4B-00C04F79EFBC}") = "WinFormsInterface", "WinFormsInterface\WinFormsInterface.csproj", "{5F2B12B8-E5F7-4951-ABAA-7AFDA0027740}"
EndProject
Global
	GlobalSection(SolutionConfigurationPlatforms) = preSolution
		Debug|Any CPU = Debug|Any CPU
		Release|Any CPU = Release|Any CPU
	EndGlobalSection
	GlobalSection(ProjectConfigurationPlatforms) = postSolution
		{652D4CBB-0C15-4083-BAA7-287377AA19DC}.Debug|Any CPU.ActiveCfg = Debug|Any CPU
		{652D4CBB-0C15-4083-BAA7-287377AA19DC}.Debug|Any CPU.Build.0 = Debug|Any CPU
		{652D4CBB-0C15-4083-BAA7-287377AA19DC}.Release|Any CPU.ActiveCfg = Release|Any CPU
		{652D4CBB-0C15-4083-BAA7-287377AA19DC}.Release|Any CPU.Build.0 = Release|Any CPU
		{5F2B12B8-E5F7-4951-ABAA-7AFDA0027740}.Debug|Any CPU.ActiveCfg = Debug|Any CPU
		{5F2B12B8-E5F7-4951-ABAA-7AFDA0027740}.Debug|Any CPU.Build.0 = Debug|Any CPU
		{5F2B12B8-E5F7-4951-ABAA-7AFDA0027740}.Release|Any CPU.ActiveCfg = Release|Any CPU
		{5F2B12B8-E5F7-4951-ABAA-7AFDA0027740}.Release|Any CPU.Build.0 = Release|Any CPU
	EndGlobalSection
	GlobalSection(SolutionProperties) = preSolution
		HideSolutionNode = FALSE
	EndGlobalSection
EndGlobal
